
Microsoft Visual Studio Solution File, Format Version 12.00
# Visual Studio Version 16
VisualStudioVersion = 16.0.31702.278
MinimumVisualStudioVersion = 10.0.40219.1
Project("{FAE04EC0-301F-11D3-BF4B-00C04F79EFBC}") = "SimpleFileCopy", "SimpleFileCopy\SimpleFileCopy.csproj", "{9594F70D-F39F-49BB-95BD-3A1EEF8D975B}"
EndProject
Global
	GlobalSection(SolutionConfigurationPlatforms) = preSolution
		Debug|Any CPU = Debug|Any CPU
		Release|Any CPU = Release|Any CPU
	EndGlobalSection
	GlobalSection(ProjectConfigurationPlatforms) = postSolution
		{9594F70D-F39F-49BB-95BD-3A1EEF8D975B}.Debug|Any CPU.ActiveCfg = Debug|Any CPU
		{9594F70D-F39F-49BB-95BD-3A1EEF8D975B}.Debug|Any CPU.Build.0 = Debug|Any CPU
		{9594F70D-F39F-49BB-95BD-3A1EEF8D975B}.Release|Any CPU.ActiveCfg = Release|Any CPU
		{9594F70D-F39F-49BB-95BD-3A1EEF8D975B}.Release|Any CPU.Build.0 = Release|Any CPU
	EndGlobalSection
	GlobalSection(SolutionProperties) = preSolution
		HideSolutionNode = FALSE
	EndGlobalSection
	GlobalSection(ExtensibilityGlobals) = postSolution
		SolutionGuid = {EB9C0B4D-48C3-4903-A7A5-8CDDFEA8A1B4}
	EndGlobalSection
EndGlobal
